
Microsoft Visual Studio Solution File, Format Version 12.00
# Visual Studio 2012
Project("{FAE04EC0-301F-11D3-BF4B-00C04F79EFBC}") = "TipCalculatorIOS", "TipCalculatorIOS\TipCalculatorIOS.csproj", "{60233156-AA9C-4E88-90FC-01D7C2D13C44}"
EndProject
Project("{FAE04EC0-301F-11D3-BF4B-00C04F79EFBC}") = "TipCalculatorIOS.iOS", "iOS\TipCalculatorIOS.iOS.csproj", "{4F8F2118-EE31-42FA-B959-EFE22138B81D}"
EndProject
Global
	GlobalSection(SolutionConfigurationPlatforms) = preSolution
		Debug|Any CPU = Debug|Any CPU
		Release|Any CPU = Release|Any CPU
		Debug|iPhoneSimulator = Debug|iPhoneSimulator
		Release|iPhone = Release|iPhone
		Release|iPhoneSimulator = Release|iPhoneSimulator
		Debug|iPhone = Debug|iPhone
	EndGlobalSection
	GlobalSection(ProjectConfigurationPlatforms) = postSolution
		{60233156-AA9C-4E88-90FC-01D7C2D13C44}.Debug|Any CPU.ActiveCfg = Debug|Any CPU
		{60233156-AA9C-4E88-90FC-01D7C2D13C44}.Debug|Any CPU.Build.0 = Debug|Any CPU
		{60233156-AA9C-4E88-90FC-01D7C2D13C44}.Release|Any CPU.ActiveCfg = Release|Any CPU
		{60233156-AA9C-4E88-90FC-01D7C2D13C44}.Release|Any CPU.Build.0 = Release|Any CPU
		{60233156-AA9C-4E88-90FC-01D7C2D13C44}.Debug|iPhoneSimulator.ActiveCfg = Debug|Any CPU
		{60233156-AA9C-4E88-90FC-01D7C2D13C44}.Debug|iPhoneSimulator.Build.0 = Debug|Any CPU
		{60233156-AA9C-4E88-90FC-01D7C2D13C44}.Release|iPhone.ActiveCfg = Release|Any CPU
		{60233156-AA9C-4E88-90FC-01D7C2D13C44}.Release|iPhone.Build.0 = Release|Any CPU
		{60233156-AA9C-4E88-90FC-01D7C2D13C44}.Release|iPhoneSimulator.ActiveCfg = Release|Any CPU
		{60233156-AA9C-4E88-90FC-01D7C2D13C44}.Release|iPhoneSimulator.Build.0 = Release|Any CPU
		{60233156-AA9C-4E88-90FC-01D7C2D13C44}.Debug|iPhone.ActiveCfg = Debug|Any CPU
		{60233156-AA9C-4E88-90FC-01D7C2D13C44}.Debug|iPhone.Build.0 = Debug|Any CPU
		{4F8F2118-EE31-42FA-B959-EFE22138B81D}.Debug|Any CPU.ActiveCfg = Debug|iPhoneSimulator
		{4F8F2118-EE31-42FA-B959-EFE22138B81D}.Debug|Any CPU.Build.0 = Debug|iPhoneSimulator
		{4F8F2118-EE31-42FA-B959-EFE22138B81D}.Release|Any CPU.ActiveCfg = Release|iPhone
		{4F8F2118-EE31-42FA-B959-EFE22138B81D}.Release|Any CPU.Build.0 = Release|iPhone
		{4F8F2118-EE31-42FA-B959-EFE22138B81D}.Debug|iPhoneSimulator.ActiveCfg = Debug|iPhoneSimulator
		{4F8F2118-EE31-42FA-B959-EFE22138B81D}.Debug|iPhoneSimulator.Build.0 = Debug|iPhoneSimulator
		{4F8F2118-EE31-42FA-B959-EFE22138B81D}.Release|iPhone.ActiveCfg = Release|iPhone
		{4F8F2118-EE31-42FA-B959-EFE22138B81D}.Release|iPhone.Build.0 = Release|iPhone
		{4F8F2118-EE31-42FA-B959-EFE22138B81D}.Release|iPhoneSimulator.ActiveCfg = Release|iPhoneSimulator
		{4F8F2118-EE31-42FA-B959-EFE22138B81D}.Release|iPhoneSimulator.Build.0 = Release|iPhoneSimulator
		{4F8F2118-EE31-42FA-B959-EFE22138B81D}.Debug|iPhone.ActiveCfg = Debug|iPhone
		{4F8F2118-EE31-42FA-B959-EFE22138B81D}.Debug|iPhone.Build.0 = Debug|iPhone
	EndGlobalSection
EndGlobal
